
Microsoft Visual Studio Solution File, Format Version 12.00
# Visual Studio Version 17
VisualStudioVersion = 17.4.33103.184
MinimumVisualStudioVersion = 10.0.40219.1
Project("{FAE04EC0-301F-11D3-BF4B-00C04F79EFBC}") = "QRCodeWebApp", "QRCodeWebApp\QRCodeWebApp.csproj", "{B11874D9-43F6-4CB4-9728-FD5AD506E213}"
EndProject
Global
	GlobalSection(SolutionConfigurationPlatforms) = preSolution
		Debug|Any CPU = Debug|Any CPU
		Release|Any CPU = Release|Any CPU
	EndGlobalSection
	GlobalSection(ProjectConfigurationPlatforms) = postSolution
		{B11874D9-43F6-4CB4-9728-FD5AD506E213}.Debug|Any CPU.ActiveCfg = Debug|Any CPU
		{B11874D9-43F6-4CB4-9728-FD5AD506E213}.Debug|Any CPU.Build.0 = Debug|Any CPU
		{B11874D9-43F6-4CB4-9728-FD5AD506E213}.Release|Any CPU.ActiveCfg = Release|Any CPU
		{B11874D9-43F6-4CB4-9728-FD5AD506E213}.Release|Any CPU.Build.0 = Release|Any CPU
	EndGlobalSection
	GlobalSection(SolutionProperties) = preSolution
		HideSolutionNode = FALSE
	EndGlobalSection
	GlobalSection(ExtensibilityGlobals) = postSolution
		SolutionGuid = {5FD00183-8162-47E0-B7C9-A7FAB5A34E87}
	EndGlobalSection
EndGlobal
